
Microsoft Visual Studio Solution File, Format Version 12.00
# Visual Studio Version 16
VisualStudioVersion = 16.0.31025.194
MinimumVisualStudioVersion = 10.0.40219.1
Project("{9A19103F-16F7-4668-BE54-9A1E7A4F7556}") = "PTIT.B17DCCN490.PTTK_DBCLPM", "PTIT.B17DCCN490.PTTK_DBCLPM\PTIT.B17DCCN490.PTTK_DBCLPM.csproj", "{7BD31D5F-76EC-4B0B-8B35-1299068477A1}"
EndProject
Project("{FAE04EC0-301F-11D3-BF4B-00C04F79EFBC}") = "PTIT.B17DCCN490.TESTING", "PTIT.B17DCCN490.TESTING\PTIT.B17DCCN490.TESTING.csproj", "{E15B4130-71BB-4D64-A23C-E6E2A15478EB}"
EndProject
Global
	GlobalSection(SolutionConfigurationPlatforms) = preSolution
		Debug|Any CPU = Debug|Any CPU
		Release|Any CPU = Release|Any CPU
	EndGlobalSection
	GlobalSection(ProjectConfigurationPlatforms) = postSolution
		{7BD31D5F-76EC-4B0B-8B35-1299068477A1}.Debug|Any CPU.ActiveCfg = Debug|Any CPU
		{7BD31D5F-76EC-4B0B-8B35-1299068477A1}.Debug|Any CPU.Build.0 = Debug|Any CPU
		{7BD31D5F-76EC-4B0B-8B35-1299068477A1}.Release|Any CPU.ActiveCfg = Release|Any CPU
		{7BD31D5F-76EC-4B0B-8B35-1299068477A1}.Release|Any CPU.Build.0 = Release|Any CPU
		{E15B4130-71BB-4D64-A23C-E6E2A15478EB}.Debug|Any CPU.ActiveCfg = Debug|Any CPU
		{E15B4130-71BB-4D64-A23C-E6E2A15478EB}.Debug|Any CPU.Build.0 = Debug|Any CPU
		{E15B4130-71BB-4D64-A23C-E6E2A15478EB}.Release|Any CPU.ActiveCfg = Release|Any CPU
		{E15B4130-71BB-4D64-A23C-E6E2A15478EB}.Release|Any CPU.Build.0 = Release|Any CPU
	EndGlobalSection
	GlobalSection(SolutionProperties) = preSolution
		HideSolutionNode = FALSE
	EndGlobalSection
	GlobalSection(ExtensibilityGlobals) = postSolution
		SolutionGuid = {17B6E0E1-462C-4DED-B2F7-39DE542547C5}
	EndGlobalSection
EndGlobal
